
Microsoft Visual Studio Solution File, Format Version 12.00
# Visual Studio Version 17
VisualStudioVersion = 17.10.35013.160
MinimumVisualStudioVersion = 10.0.40219.1
Project("{FAE04EC0-301F-11D3-BF4B-00C04F79EFBC}") = "SistemaDeCondominios", "SistemaDeCondominios.csproj", "{728EBD00-0CBF-4FA3-8847-B8719994530D}"
EndProject
Global
	GlobalSection(SolutionConfigurationPlatforms) = preSolution
		Debug|Any CPU = Debug|Any CPU
		Release|Any CPU = Release|Any CPU
	EndGlobalSection
	GlobalSection(ProjectConfigurationPlatforms) = postSolution
		{728EBD00-0CBF-4FA3-8847-B8719994530D}.Debug|Any CPU.ActiveCfg = Debug|Any CPU
		{728EBD00-0CBF-4FA3-8847-B8719994530D}.Debug|Any CPU.Build.0 = Debug|Any CPU
		{728EBD00-0CBF-4FA3-8847-B8719994530D}.Release|Any CPU.ActiveCfg = Release|Any CPU
		{728EBD00-0CBF-4FA3-8847-B8719994530D}.Release|Any CPU.Build.0 = Release|Any CPU
	EndGlobalSection
	GlobalSection(SolutionProperties) = preSolution
		HideSolutionNode = FALSE
	EndGlobalSection
	GlobalSection(ExtensibilityGlobals) = postSolution
		SolutionGuid = {BC14E3F2-E347-458E-88ED-9D86C7287F6C}
	EndGlobalSection
EndGlobal
